{
  "version": 4,
  "terraform_version": "1.5.7",
  "serial": 7,
  "lineage": "70fd0544-3f02-ab69-2dd2-421a4d7a2a12",
  "outputs": {
    "vm_external_ip": {
      "value": "35.246.42.22",
      "type": "string"
    }
  },
  "resources": [
    {
      "mode": "managed",
      "type": "google_compute_instance",
      "name": "flask_api_vm",
      "provider": "provider[\"registry.terraform.io/hashicorp/google\"]",
      "instances": [
        {
          "schema_version": 6,
          "attributes": {
            "advanced_machine_features": [],
            "allow_stopping_for_update": null,
            "attached_disk": [],
            "boot_disk": [
              {
                "auto_delete": true,
                "device_name": "persistent-disk-0",
                "disk_encryption_key_raw": "",
                "disk_encryption_key_sha256": "",
                "initialize_params": [
                  {
                    "image": "https://www.googleapis.com/compute/v1/projects/debian-cloud/global/images/debian-11-bullseye-v20250513",
                    "labels": {},
                    "size": 10,
                    "type": "pd-standard"
                  }
                ],
                "kms_key_self_link": "",
                "mode": "READ_WRITE",
                "source": "https://www.googleapis.com/compute/v1/projects/flask-api-459518/zones/europe-west2-b/disks/employee-api-vm"
              }
            ],
            "can_ip_forward": false,
            "confidential_instance_config": [],
            "cpu_platform": "Intel Broadwell",
            "current_status": "RUNNING",
            "deletion_protection": false,
            "description": "",
            "desired_status": null,
            "enable_display": false,
            "guest_accelerator": [],
            "hostname": "",
            "id": "projects/flask-api-459518/zones/europe-west2-b/instances/employee-api-vm",
            "instance_id": "2831537998465324583",
            "label_fingerprint": "42WmSpB8rSM=",
            "labels": null,
            "machine_type": "e2-micro",
            "metadata": null,
            "metadata_fingerprint": "4Zxdv24SlDo=",
            "metadata_startup_script": "#!/bin/bash\napt update\napt install -y docker.io git\ngit clone https://github.com/Bluet47/employee-leaver-api.git\ncd employee-leaver-api\ndocker build -t employee-leaver-api .\ndocker run -d -p 80:8080 employee-leaver-api\n",
            "min_cpu_platform": "",
            "name": "employee-api-vm",
            "network_interface": [
              {
                "access_config": [
                  {
                    "nat_ip": "35.246.42.22",
                    "network_tier": "PREMIUM",
                    "public_ptr_domain_name": ""
                  }
                ],
                "alias_ip_range": [],
                "ipv6_access_config": [],
                "ipv6_access_type": "",
                "name": "nic0",
                "network": "https://www.googleapis.com/compute/v1/projects/flask-api-459518/global/networks/default",
                "network_ip": "10.154.0.2",
                "nic_type": "",
                "queue_count": 0,
                "stack_type": "IPV4_ONLY",
                "subnetwork": "https://www.googleapis.com/compute/v1/projects/flask-api-459518/regions/europe-west2/subnetworks/default",
                "subnetwork_project": "flask-api-459518"
              }
            ],
            "project": "flask-api-459518",
            "reservation_affinity": [],
            "resource_policies": null,
            "scheduling": [
              {
                "automatic_restart": true,
                "instance_termination_action": "",
                "min_node_cpus": 0,
                "node_affinities": [],
                "on_host_maintenance": "MIGRATE",
                "preemptible": false,
                "provisioning_model": "STANDARD"
              }
            ],
            "scratch_disk": [],
            "self_link": "https://www.googleapis.com/compute/v1/projects/flask-api-459518/zones/europe-west2-b/instances/employee-api-vm",
            "service_account": [
              {
                "email": "flask-api-sa@flask-api-459518.iam.gserviceaccount.com",
                "scopes": [
                  "https://www.googleapis.com/auth/cloud-platform"
                ]
              }
            ],
            "shielded_instance_config": [
              {
                "enable_integrity_monitoring": true,
                "enable_secure_boot": false,
                "enable_vtpm": true
              }
            ],
            "tags": null,
            "tags_fingerprint": "42WmSpB8rSM=",
            "timeouts": null,
            "zone": "europe-west2-b"
          },
          "sensitive_attributes": [],
          "private": "eyJlMmJmYjczMC1lY2FhLTExZTYtOGY4OC0zNDM2M2JjN2M0YzAiOnsiY3JlYXRlIjoxMjAwMDAwMDAwMDAwLCJkZWxldGUiOjEyMDAwMDAwMDAwMDAsInVwZGF0ZSI6MTIwMDAwMDAwMDAwMH0sInNjaGVtYV92ZXJzaW9uIjoiNiJ9",
          "dependencies": [
            "google_service_account.api_sa"
          ]
        }
      ]
    },
    {
      "mode": "managed",
      "type": "google_project_iam_member",
      "name": "firestore_access",
      "provider": "provider[\"registry.terraform.io/hashicorp/google\"]",
      "instances": [
        {
          "schema_version": 0,
          "attributes": {
            "condition": [],
            "etag": "BwY1NAZ/iHM=",
            "id": "flask-api-459518/roles/datastore.user/serviceAccount:flask-api-sa@flask-api-459518.iam.gserviceaccount.com",
            "member": "serviceAccount:flask-api-sa@flask-api-459518.iam.gserviceaccount.com",
            "project": "flask-api-459518",
            "role": "roles/datastore.user"
          },
          "sensitive_attributes": [],
          "private": "bnVsbA==",
          "dependencies": [
            "google_service_account.api_sa"
          ]
        }
      ]
    },
    {
      "mode": "managed",
      "type": "google_project_service",
      "name": "firestore",
      "provider": "provider[\"registry.terraform.io/hashicorp/google\"]",
      "instances": [
        {
          "schema_version": 0,
          "attributes": {
            "disable_dependent_services": null,
            "disable_on_destroy": true,
            "id": "flask-api-459518/firestore.googleapis.com",
            "project": "flask-api-459518",
            "service": "firestore.googleapis.com",
            "timeouts": null
          },
          "sensitive_attributes": [],
          "private": "eyJlMmJmYjczMC1lY2FhLTExZTYtOGY4OC0zNDM2M2JjN2M0YzAiOnsiY3JlYXRlIjoxMjAwMDAwMDAwMDAwLCJkZWxldGUiOjEyMDAwMDAwMDAwMDAsInJlYWQiOjYwMDAwMDAwMDAwMCwidXBkYXRlIjoxMjAwMDAwMDAwMDAwfX0="
        }
      ]
    },
    {
      "mode": "managed",
      "type": "google_service_account",
      "name": "api_sa",
      "provider": "provider[\"registry.terraform.io/hashicorp/google\"]",
      "instances": [
        {
          "schema_version": 0,
          "attributes": {
            "account_id": "flask-api-sa",
            "description": "",
            "disabled": false,
            "display_name": "Flask API Service Account",
            "email": "flask-api-sa@flask-api-459518.iam.gserviceaccount.com",
            "id": "projects/flask-api-459518/serviceAccounts/flask-api-sa@flask-api-459518.iam.gserviceaccount.com",
            "member": "serviceAccount:flask-api-sa@flask-api-459518.iam.gserviceaccount.com",
            "name": "projects/flask-api-459518/serviceAccounts/flask-api-sa@flask-api-459518.iam.gserviceaccount.com",
            "project": "flask-api-459518",
            "timeouts": null,
            "unique_id": "114843635898513622193"
          },
          "sensitive_attributes": [],
          "private": "eyJlMmJmYjczMC1lY2FhLTExZTYtOGY4OC0zNDM2M2JjN2M0YzAiOnsiY3JlYXRlIjozMDAwMDAwMDAwMDB9fQ=="
        }
      ]
    }
  ],
  "check_results": null
}
